
Microsoft Visual Studio Solution File, Format Version 12.00
# Visual Studio Version 17
VisualStudioVersion = 17.5.33424.131
MinimumVisualStudioVersion = 10.0.40219.1
Project("{FAE04EC0-301F-11D3-BF4B-00C04F79EFBC}") = "Billiste", "Billiste.csproj", "{BA72B8E8-D749-4445-844F-1B12DA6F0D09}"
EndProject
Project("{FAE04EC0-301F-11D3-BF4B-00C04F79EFBC}") = "Billiste.Test", "..\Billiste.Test\Billiste.Test.csproj", "{2271E749-DB6A-44FF-A24C-B34076C6B254}"
EndProject
Global
	GlobalSection(SolutionConfigurationPlatforms) = preSolution
		Debug|Any CPU = Debug|Any CPU
		Release|Any CPU = Release|Any CPU
	EndGlobalSection
	GlobalSection(ProjectConfigurationPlatforms) = postSolution
		{BA72B8E8-D749-4445-844F-1B12DA6F0D09}.Debug|Any CPU.ActiveCfg = Debug|Any CPU
		{BA72B8E8-D749-4445-844F-1B12DA6F0D09}.Debug|Any CPU.Build.0 = Debug|Any CPU
		{BA72B8E8-D749-4445-844F-1B12DA6F0D09}.Release|Any CPU.ActiveCfg = Release|Any CPU
		{BA72B8E8-D749-4445-844F-1B12DA6F0D09}.Release|Any CPU.Build.0 = Release|Any CPU
		{2271E749-DB6A-44FF-A24C-B34076C6B254}.Debug|Any CPU.ActiveCfg = Debug|Any CPU
		{2271E749-DB6A-44FF-A24C-B34076C6B254}.Debug|Any CPU.Build.0 = Debug|Any CPU
		{2271E749-DB6A-44FF-A24C-B34076C6B254}.Release|Any CPU.ActiveCfg = Release|Any CPU
		{2271E749-DB6A-44FF-A24C-B34076C6B254}.Release|Any CPU.Build.0 = Release|Any CPU
	EndGlobalSection
	GlobalSection(SolutionProperties) = preSolution
		HideSolutionNode = FALSE
	EndGlobalSection
	GlobalSection(ExtensibilityGlobals) = postSolution
		SolutionGuid = {E56A87DE-2A91-47CE-9E11-1364527CEAD6}
	EndGlobalSection
EndGlobal
